
Microsoft Visual Studio Solution File, Format Version 12.00
# Visual Studio Version 17
VisualStudioVersion = 17.11.35303.130
MinimumVisualStudioVersion = 10.0.40219.1
Project("{2150E333-8FDC-42A3-9474-1A3956D46DE8}") = "Services", "Services", "{AF77EC00-2146-4490-B4E8-F12C3B8A8BB9}"
EndProject
Project("{2150E333-8FDC-42A3-9474-1A3956D46DE8}") = "Catalog", "Catalog", "{08750F99-A22B-4EB3-A88F-691083E0D939}"
EndProject
Project("{9A19103F-16F7-4668-BE54-9A1E7A4F7556}") = "Catalog.API", "Services\Catalog\Catalog.API\Catalog.API.csproj", "{8B0E502E-299A-4A1F-B349-18A67D1DCB3F}"
EndProject
Project("{2150E333-8FDC-42A3-9474-1A3956D46DE8}") = "BuildingBlocks", "BuildingBlocks", "{D9036186-81C8-4D0B-A870-B8057302A257}"
EndProject
Project("{FAE04EC0-301F-11D3-BF4B-00C04F79EFBC}") = "BuildingBlocks", "BuildingBlocks\BuildingBlocks\BuildingBlocks.csproj", "{5A7A596E-E651-4CA4-8C23-968211930460}"
EndProject
Global
	GlobalSection(SolutionConfigurationPlatforms) = preSolution
		Debug|Any CPU = Debug|Any CPU
		Release|Any CPU = Release|Any CPU
	EndGlobalSection
	GlobalSection(ProjectConfigurationPlatforms) = postSolution
		{8B0E502E-299A-4A1F-B349-18A67D1DCB3F}.Debug|Any CPU.ActiveCfg = Debug|Any CPU
		{8B0E502E-299A-4A1F-B349-18A67D1DCB3F}.Debug|Any CPU.Build.0 = Debug|Any CPU
		{8B0E502E-299A-4A1F-B349-18A67D1DCB3F}.Release|Any CPU.ActiveCfg = Release|Any CPU
		{8B0E502E-299A-4A1F-B349-18A67D1DCB3F}.Release|Any CPU.Build.0 = Release|Any CPU
		{5A7A596E-E651-4CA4-8C23-968211930460}.Debug|Any CPU.ActiveCfg = Debug|Any CPU
		{5A7A596E-E651-4CA4-8C23-968211930460}.Debug|Any CPU.Build.0 = Debug|Any CPU
		{5A7A596E-E651-4CA4-8C23-968211930460}.Release|Any CPU.ActiveCfg = Release|Any CPU
		{5A7A596E-E651-4CA4-8C23-968211930460}.Release|Any CPU.Build.0 = Release|Any CPU
	EndGlobalSection
	GlobalSection(SolutionProperties) = preSolution
		HideSolutionNode = FALSE
	EndGlobalSection
	GlobalSection(NestedProjects) = preSolution
		{08750F99-A22B-4EB3-A88F-691083E0D939} = {AF77EC00-2146-4490-B4E8-F12C3B8A8BB9}
		{8B0E502E-299A-4A1F-B349-18A67D1DCB3F} = {08750F99-A22B-4EB3-A88F-691083E0D939}
		{5A7A596E-E651-4CA4-8C23-968211930460} = {D9036186-81C8-4D0B-A870-B8057302A257}
	EndGlobalSection
	GlobalSection(ExtensibilityGlobals) = postSolution
		SolutionGuid = {772E5557-7B6A-4F42-85B4-AAD372226946}
	EndGlobalSection
EndGlobal
